// !$*UTF8*$!
{
	archiveVersion = 1;
	classes = {
	};
	objectVersion = 55;
	objects = {

/* Begin PBXBuildFile section */
		E790ED5728C73BA40008C31B /* AppDelegate.swift in Sources */ = {isa = PBXBuildFile; fileRef = E790ED5628C73BA40008C31B /* AppDelegate.swift */; };
		E790ED5928C73BA40008C31B /* SceneDelegate.swift in Sources */ = {isa = PBXBuildFile; fileRef = E790ED5828C73BA40008C31B /* SceneDelegate.swift */; };
		E790ED5B28C73BA40008C31B /* ViewController.swift in Sources */ = {isa = PBXBuildFile; fileRef = E790ED5A28C73BA40008C31B /* ViewController.swift */; };
		E790ED5E28C73BA40008C31B /* Main.storyboard in Resources */ = {isa = PBXBuildFile; fileRef = E790ED5C28C73BA40008C31B /* Main.storyboard */; };
		E790ED6028C73BA50008C31B /* Assets.xcassets in Resources */ = {isa = PBXBuildFile; fileRef = E790ED5F28C73BA50008C31B /* Assets.xcassets */; };
		E790ED6328C73BA50008C31B /* LaunchScreen.storyboard in Resources */ = {isa = PBXBuildFile; fileRef = E790ED6128C73BA50008C31B /* LaunchScreen.storyboard */; };
		E790ED7228C74ABB0008C31B /* HealthKit.framework in Frameworks */ = {isa = PBXBuildFile; fileRef = E790ED7128C74ABB0008C31B /* HealthKit.framework */; };
		E790ED7428C74BA20008C31B /* HealthKitSetupAssistant.swift in Sources */ = {isa = PBXBuildFile; fileRef = E790ED7328C74BA20008C31B /* HealthKitSetupAssistant.swift */; };
		E790ED7628C750200008C31B /* ProfileDataStore.swift in Sources */ = {isa = PBXBuildFile; fileRef = E790ED7528C750200008C31B /* ProfileDataStore.swift */; };
		E790ED7828C7541F0008C31B /* UserHealthProfile.swift in Sources */ = {isa = PBXBuildFile; fileRef = E790ED7728C7541F0008C31B /* UserHealthProfile.swift */; };
		E7F377B728C7587A009FE8BE /* HKBiologicalSex+StringRepresentation.swift in Sources */ = {isa = PBXBuildFile; fileRef = E7F377B628C7587A009FE8BE /* HKBiologicalSex+StringRepresentation.swift */; };
/* End PBXBuildFile section */

/* Begin PBXFileReference section */
		E790ED5328C73BA40008C31B /* Autotune2.app */ = {isa = PBXFileReference; explicitFileType = wrapper.application; includeInIndex = 0; path = Autotune2.app; sourceTree = BUILT_PRODUCTS_DIR; };
		E790ED5628C73BA40008C31B /* AppDelegate.swift */ = {isa = PBXFileReference; lastKnownFileType = sourcecode.swift; path = AppDelegate.swift; sourceTree = "<group>"; };
		E790ED5828C73BA40008C31B /* SceneDelegate.swift */ = {isa = PBXFileReference; lastKnownFileType = sourcecode.swift; path = SceneDelegate.swift; sourceTree = "<group>"; };
		E790ED5A28C73BA40008C31B /* ViewController.swift */ = {isa = PBXFileReference; lastKnownFileType = sourcecode.swift; path = ViewController.swift; sourceTree = "<group>"; };
		E790ED5D28C73BA40008C31B /* Base */ = {isa = PBXFileReference; lastKnownFileType = file.storyboard; name = Base; path = Base.lproj/Main.storyboard; sourceTree = "<group>"; };
		E790ED5F28C73BA50008C31B /* Assets.xcassets */ = {isa = PBXFileReference; lastKnownFileType = folder.assetcatalog; path = Assets.xcassets; sourceTree = "<group>"; };
		E790ED6228C73BA50008C31B /* Base */ = {isa = PBXFileReference; lastKnownFileType = file.storyboard; name = Base; path = Base.lproj/LaunchScreen.storyboard; sourceTree = "<group>"; };
		E790ED6428C73BA50008C31B /* Info.plist */ = {isa = PBXFileReference; lastKnownFileType = text.plist.xml; path = Info.plist; sourceTree = "<group>"; };
		E790ED6F28C74ABB0008C31B /* Autotune2.entitlements */ = {isa = PBXFileReference; lastKnownFileType = text.plist.entitlements; path = Autotune2.entitlements; sourceTree = "<group>"; };
		E790ED7128C74ABB0008C31B /* HealthKit.framework */ = {isa = PBXFileReference; lastKnownFileType = wrapper.framework; name = HealthKit.framework; path = System/Library/Frameworks/HealthKit.framework; sourceTree = SDKROOT; };
		E790ED7328C74BA20008C31B /* HealthKitSetupAssistant.swift */ = {isa = PBXFileReference; lastKnownFileType = sourcecode.swift; path = HealthKitSetupAssistant.swift; sourceTree = "<group>"; };
		E790ED7528C750200008C31B /* ProfileDataStore.swift */ = {isa = PBXFileReference; lastKnownFileType = sourcecode.swift; path = ProfileDataStore.swift; sourceTree = "<group>"; };
		E790ED7728C7541F0008C31B /* UserHealthProfile.swift */ = {isa = PBXFileReference; lastKnownFileType = sourcecode.swift; path = UserHealthProfile.swift; sourceTree = "<group>"; };
		E7F377B628C7587A009FE8BE /* HKBiologicalSex+StringRepresentation.swift */ = {isa = PBXFileReference; lastKnownFileType = sourcecode.swift; path = "HKBiologicalSex+StringRepresentation.swift"; sourceTree = "<group>"; };
/* End PBXFileReference section */

/* Begin PBXFrameworksBuildPhase section */
		E790ED5028C73BA40008C31B /* Frameworks */ = {
			isa = PBXFrameworksBuildPhase;
			buildActionMask = 2147483647;
			files = (
				E790ED7228C74ABB0008C31B /* HealthKit.framework in Frameworks */,
			);
			runOnlyForDeploymentPostprocessing = 0;
		};
/* End PBXFrameworksBuildPhase section */

/* Begin PBXGroup section */
		E790ED4A28C73BA40008C31B = {
			isa = PBXGroup;
			children = (
				E790ED5528C73BA40008C31B /* Autotune2 */,
				E790ED5428C73BA40008C31B /* Products */,
				E790ED7028C74ABB0008C31B /* Frameworks */,
			);
			sourceTree = "<group>";
		};
		E790ED5428C73BA40008C31B /* Products */ = {
			isa = PBXGroup;
			children = (
				E790ED5328C73BA40008C31B /* Autotune2.app */,
			);
			name = Products;
			sourceTree = "<group>";
		};
		E790ED5528C73BA40008C31B /* Autotune2 */ = {
			isa = PBXGroup;
			children = (
				E790ED6F28C74ABB0008C31B /* Autotune2.entitlements */,
				E790ED5628C73BA40008C31B /* AppDelegate.swift */,
				E790ED5828C73BA40008C31B /* SceneDelegate.swift */,
				E790ED6E28C73E020008C31B /* Views */,
				E790ED6A28C73CF20008C31B /* Controllers */,
				E790ED6C28C73D140008C31B /* Models */,
				E790ED6B28C73CFE0008C31B /* HealthKit Extensions */,
				E790ED6D28C73D5A0008C31B /* Supporting Files */,
				E790ED6428C73BA50008C31B /* Info.plist */,
			);
			path = Autotune2;
			sourceTree = "<group>";
		};
		E790ED6A28C73CF20008C31B /* Controllers */ = {
			isa = PBXGroup;
			children = (
				E790ED5A28C73BA40008C31B /* ViewController.swift */,
			);
			path = Controllers;
			sourceTree = "<group>";
		};
		E790ED6B28C73CFE0008C31B /* HealthKit Extensions */ = {
			isa = PBXGroup;
			children = (
				E7F377B628C7587A009FE8BE /* HKBiologicalSex+StringRepresentation.swift */,
			);
			path = "HealthKit Extensions";
			sourceTree = "<group>";
		};
		E790ED6C28C73D140008C31B /* Models */ = {
			isa = PBXGroup;
			children = (
				E790ED7728C7541F0008C31B /* UserHealthProfile.swift */,
			);
			path = Models;
			sourceTree = "<group>";
		};
		E790ED6D28C73D5A0008C31B /* Supporting Files */ = {
			isa = PBXGroup;
			children = (
				E790ED6128C73BA50008C31B /* LaunchScreen.storyboard */,
				E790ED5F28C73BA50008C31B /* Assets.xcassets */,
				E790ED7328C74BA20008C31B /* HealthKitSetupAssistant.swift */,
				E790ED7528C750200008C31B /* ProfileDataStore.swift */,
			);
			path = "Supporting Files";
			sourceTree = "<group>";
		};
		E790ED6E28C73E020008C31B /* Views */ = {
			isa = PBXGroup;
			children = (
				E790ED5C28C73BA40008C31B /* Main.storyboard */,
			);
			path = Views;
			sourceTree = "<group>";
		};
		E790ED7028C74ABB0008C31B /* Frameworks */ = {
			isa = PBXGroup;
			children = (
				E790ED7128C74ABB0008C31B /* HealthKit.framework */,
			);
			name = Frameworks;
			sourceTree = "<group>";
		};
/* End PBXGroup section */

/* Begin PBXNativeTarget section */
		E790ED5228C73BA40008C31B /* Autotune2 */ = {
			isa = PBXNativeTarget;
			buildConfigurationList = E790ED6728C73BA50008C31B /* Build configuration list for PBXNativeTarget "Autotune2" */;
			buildPhases = (
				E790ED4F28C73BA40008C31B /* Sources */,
				E790ED5028C73BA40008C31B /* Frameworks */,
				E790ED5128C73BA40008C31B /* Resources */,
			);
			buildRules = (
			);
			dependencies = (
			);
			name = Autotune2;
			productName = Autotune2;
			productReference = E790ED5328C73BA40008C31B /* Autotune2.app */;
			productType = "com.apple.product-type.application";
		};
/* End PBXNativeTarget section */

/* Begin PBXProject section */
		E790ED4B28C73BA40008C31B /* Project object */ = {
			isa = PBXProject;
			attributes = {
				BuildIndependentTargetsInParallel = 1;
				LastSwiftUpdateCheck = 1340;
				LastUpgradeCheck = 1340;
				TargetAttributes = {
					E790ED5228C73BA40008C31B = {
						CreatedOnToolsVersion = 13.4.1;
					};
				};
			};
			buildConfigurationList = E790ED4E28C73BA40008C31B /* Build configuration list for PBXProject "Autotune2" */;
			compatibilityVersion = "Xcode 13.0";
			developmentRegion = en;
			hasScannedForEncodings = 0;
			knownRegions = (
				en,
				Base,
			);
			mainGroup = E790ED4A28C73BA40008C31B;
			productRefGroup = E790ED5428C73BA40008C31B /* Products */;
			projectDirPath = "";
			projectRoot = "";
			targets = (
				E790ED5228C73BA40008C31B /* Autotune2 */,
			);
		};
/* End PBXProject section */

/* Begin PBXResourcesBuildPhase section */
		E790ED5128C73BA40008C31B /* Resources */ = {
			isa = PBXResourcesBuildPhase;
			buildActionMask = 2147483647;
			files = (
				E790ED6328C73BA50008C31B /* LaunchScreen.storyboard in Resources */,
				E790ED6028C73BA50008C31B /* Assets.xcassets in Resources */,
				E790ED5E28C73BA40008C31B /* Main.storyboard in Resources */,
			);
			runOnlyForDeploymentPostprocessing = 0;
		};
/* End PBXResourcesBuildPhase section */

/* Begin PBXSourcesBuildPhase section */
		E790ED4F28C73BA40008C31B /* Sources */ = {
			isa = PBXSourcesBuildPhase;
			buildActionMask = 2147483647;
			files = (
				E790ED5B28C73BA40008C31B /* ViewController.swift in Sources */,
				E790ED7628C750200008C31B /* ProfileDataStore.swift in Sources */,
				E790ED7828C7541F0008C31B /* UserHealthProfile.swift in Sources */,
				E7F377B728C7587A009FE8BE /* HKBiologicalSex+StringRepresentation.swift in Sources */,
				E790ED7428C74BA20008C31B /* HealthKitSetupAssistant.swift in Sources */,
				E790ED5728C73BA40008C31B /* AppDelegate.swift in Sources */,
				E790ED5928C73BA40008C31B /* SceneDelegate.swift in Sources */,
			);
			runOnlyForDeploymentPostprocessing = 0;
		};
/* End PBXSourcesBuildPhase section */

/* Begin PBXVariantGroup section */
		E790ED5C28C73BA40008C31B /* Main.storyboard */ = {
			isa = PBXVariantGroup;
			children = (
				E790ED5D28C73BA40008C31B /* Base */,
			);
			name = Main.storyboard;
			sourceTree = "<group>";
		};
		E790ED6128C73BA50008C31B /* LaunchScreen.storyboard */ = {
			isa = PBXVariantGroup;
			children = (
				E790ED6228C73BA50008C31B /* Base */,
			);
			name = LaunchScreen.storyboard;
			sourceTree = "<group>";
		};
/* End PBXVariantGroup section */

/* Begin XCBuildConfiguration section */
		E790ED6528C73BA50008C31B /* Debug */ = {
			isa = XCBuildConfiguration;
			buildSettings = {
				ALWAYS_SEARCH_USER_PATHS = NO;
				CLANG_ANALYZER_NONNULL = YES;
				CLANG_ANALYZER_NUMBER_OBJECT_CONVERSION = YES_AGGRESSIVE;
				CLANG_CXX_LANGUAGE_STANDARD = "gnu++17";
				CLANG_ENABLE_MODULES = YES;
				CLANG_ENABLE_OBJC_ARC = YES;
				CLANG_ENABLE_OBJC_WEAK = YES;
				CLANG_WARN_BLOCK_CAPTURE_AUTORELEASING = YES;
				CLANG_WARN_BOOL_CONVERSION = YES;
				CLANG_WARN_COMMA = YES;
				CLANG_WARN_CONSTANT_CONVERSION = YES;
				CLANG_WARN_DEPRECATED_OBJC_IMPLEMENTATIONS = YES;
				CLANG_WARN_DIRECT_OBJC_ISA_USAGE = YES_ERROR;
				CLANG_WARN_DOCUMENTATION_COMMENTS = YES;
				CLANG_WARN_EMPTY_BODY = YES;
				CLANG_WARN_ENUM_CONVERSION = YES;
				CLANG_WARN_INFINITE_RECURSION = YES;
				CLANG_WARN_INT_CONVERSION = YES;
				CLANG_WARN_NON_LITERAL_NULL_CONVERSION = YES;
				CLANG_WARN_OBJC_IMPLICIT_RETAIN_SELF = YES;
				CLANG_WARN_OBJC_LITERAL_CONVERSION = YES;
				CLANG_WARN_OBJC_ROOT_CLASS = YES_ERROR;
				CLANG_WARN_QUOTED_INCLUDE_IN_FRAMEWORK_HEADER = YES;
				CLANG_WARN_RANGE_LOOP_ANALYSIS = YES;
				CLANG_WARN_STRICT_PROTOTYPES = YES;
				CLANG_WARN_SUSPICIOUS_MOVE = YES;
				CLANG_WARN_UNGUARDED_AVAILABILITY = YES_AGGRESSIVE;
				CLANG_WARN_UNREACHABLE_CODE = YES;
				CLANG_WARN__DUPLICATE_METHOD_MATCH = YES;
				COPY_PHASE_STRIP = NO;
				DEBUG_INFORMATION_FORMAT = dwarf;
				ENABLE_STRICT_OBJC_MSGSEND = YES;
				ENABLE_TESTABILITY = YES;
				GCC_C_LANGUAGE_STANDARD = gnu11;
				GCC_DYNAMIC_NO_PIC = NO;
				GCC_NO_COMMON_BLOCKS = YES;
				GCC_OPTIMIZATION_LEVEL = 0;
				GCC_PREPROCESSOR_DEFINITIONS = (
					"DEBUG=1",
					"$(inherited)",
				);
				GCC_WARN_64_TO_32_BIT_CONVERSION = YES;
				GCC_WARN_ABOUT_RETURN_TYPE = YES_ERROR;
				GCC_WARN_UNDECLARED_SELECTOR = YES;
				GCC_WARN_UNINITIALIZED_AUTOS = YES_AGGRESSIVE;
				GCC_WARN_UNUSED_FUNCTION = YES;
				GCC_WARN_UNUSED_VARIABLE = YES;
				IPHONEOS_DEPLOYMENT_TARGET = 15.5;
				MTL_ENABLE_DEBUG_INFO = INCLUDE_SOURCE;
				MTL_FAST_MATH = YES;
				ONLY_ACTIVE_ARCH = YES;
				SDKROOT = iphoneos;
				SWIFT_ACTIVE_COMPILATION_CONDITIONS = DEBUG;
				SWIFT_OPTIMIZATION_LEVEL = "-Onone";
			};
			name = Debug;
		};
		E790ED6628C73BA50008C31B /* Release */ = {
			isa = XCBuildConfiguration;
			buildSettings = {
				ALWAYS_SEARCH_USER_PATHS = NO;
				CLANG_ANALYZER_NONNULL = YES;
				CLANG_ANALYZER_NUMBER_OBJECT_CONVERSION = YES_AGGRESSIVE;
				CLANG_CXX_LANGUAGE_STANDARD = "gnu++17";
				CLANG_ENABLE_MODULES = YES;
				CLANG_ENABLE_OBJC_ARC = YES;
				CLANG_ENABLE_OBJC_WEAK = YES;
				CLANG_WARN_BLOCK_CAPTURE_AUTORELEASING = YES;
				CLANG_WARN_BOOL_CONVERSION = YES;
				CLANG_WARN_COMMA = YES;
				CLANG_WARN_CONSTANT_CONVERSION = YES;
				CLANG_WARN_DEPRECATED_OBJC_IMPLEMENTATIONS = YES;
				CLANG_WARN_DIRECT_OBJC_ISA_USAGE = YES_ERROR;
				CLANG_WARN_DOCUMENTATION_COMMENTS = YES;
				CLANG_WARN_EMPTY_BODY = YES;
				CLANG_WARN_ENUM_CONVERSION = YES;
				CLANG_WARN_INFINITE_RECURSION = YES;
				CLANG_WARN_INT_CONVERSION = YES;
				CLANG_WARN_NON_LITERAL_NULL_CONVERSION = YES;
				CLANG_WARN_OBJC_IMPLICIT_RETAIN_SELF = YES;
				CLANG_WARN_OBJC_LITERAL_CONVERSION = YES;
				CLANG_WARN_OBJC_ROOT_CLASS = YES_ERROR;
				CLANG_WARN_QUOTED_INCLUDE_IN_FRAMEWORK_HEADER = YES;
				CLANG_WARN_RANGE_LOOP_ANALYSIS = YES;
				CLANG_WARN_STRICT_PROTOTYPES = YES;
				CLANG_WARN_SUSPICIOUS_MOVE = YES;
				CLANG_WARN_UNGUARDED_AVAILABILITY = YES_AGGRESSIVE;
				CLANG_WARN_UNREACHABLE_CODE = YES;
				CLANG_WARN__DUPLICATE_METHOD_MATCH = YES;
				COPY_PHASE_STRIP = NO;
				DEBUG_INFORMATION_FORMAT = "dwarf-with-dsym";
				ENABLE_NS_ASSERTIONS = NO;
				ENABLE_STRICT_OBJC_MSGSEND = YES;
				GCC_C_LANGUAGE_STANDARD = gnu11;
				GCC_NO_COMMON_BLOCKS = YES;
				GCC_WARN_64_TO_32_BIT_CONVERSION = YES;
				GCC_WARN_ABOUT_RETURN_TYPE = YES_ERROR;
				GCC_WARN_UNDECLARED_SELECTOR = YES;
				GCC_WARN_UNINITIALIZED_AUTOS = YES_AGGRESSIVE;
				GCC_WARN_UNUSED_FUNCTION = YES;
				GCC_WARN_UNUSED_VARIABLE = YES;
				IPHONEOS_DEPLOYMENT_TARGET = 15.5;
				MTL_ENABLE_DEBUG_INFO = NO;
				MTL_FAST_MATH = YES;
				SDKROOT = iphoneos;
				SWIFT_COMPILATION_MODE = wholemodule;
				SWIFT_OPTIMIZATION_LEVEL = "-O";
				VALIDATE_PRODUCT = YES;
			};
			name = Release;
		};
		E790ED6828C73BA50008C31B /* Debug */ = {
			isa = XCBuildConfiguration;
			buildSettings = {
				ASSETCATALOG_COMPILER_APPICON_NAME = AppIcon;
				ASSETCATALOG_COMPILER_GLOBAL_ACCENT_COLOR_NAME = AccentColor;
				CODE_SIGN_ENTITLEMENTS = Autotune2/Autotune2.entitlements;
				CODE_SIGN_STYLE = Automatic;
				CURRENT_PROJECT_VERSION = 1;
				DEVELOPMENT_TEAM = F97789F2PG;
				GENERATE_INFOPLIST_FILE = YES;
				INFOPLIST_FILE = Autotune2/Info.plist;
				INFOPLIST_KEY_NSHealthShareUsageDescription = "Use insulin, glucose and activity data to predict future insulin demands";
				INFOPLIST_KEY_NSHealthUpdateUsageDescription = "Write labelled activites to healthkit";
				INFOPLIST_KEY_UIApplicationSupportsIndirectInputEvents = YES;
				INFOPLIST_KEY_UILaunchStoryboardName = LaunchScreen;
				INFOPLIST_KEY_UIMainStoryboardFile = Main;
				INFOPLIST_KEY_UISupportedInterfaceOrientations_iPad = "UIInterfaceOrientationPortrait UIInterfaceOrientationPortraitUpsideDown UIInterfaceOrientationLandscapeLeft UIInterfaceOrientationLandscapeRight";
				INFOPLIST_KEY_UISupportedInterfaceOrientations_iPhone = "UIInterfaceOrientationPortrait UIInterfaceOrientationLandscapeLeft UIInterfaceOrientationLandscapeRight";
				LD_RUNPATH_SEARCH_PATHS = (
					"$(inherited)",
					"@executable_path/Frameworks",
				);
				MARKETING_VERSION = 1.0;
				PRODUCT_BUNDLE_IDENTIFIER = com.miriamkw.Autotune2;
				PRODUCT_NAME = "$(TARGET_NAME)";
				SWIFT_EMIT_LOC_STRINGS = YES;
				SWIFT_VERSION = 5.0;
				TARGETED_DEVICE_FAMILY = "1,2";
			};
			name = Debug;
		};
		E790ED6928C73BA50008C31B /* Release */ = {
			isa = XCBuildConfiguration;
			buildSettings = {
				ASSETCATALOG_COMPILER_APPICON_NAME = AppIcon;
				ASSETCATALOG_COMPILER_GLOBAL_ACCENT_COLOR_NAME = AccentColor;
				CODE_SIGN_ENTITLEMENTS = Autotune2/Autotune2.entitlements;
				CODE_SIGN_STYLE = Automatic;
				CURRENT_PROJECT_VERSION = 1;
				DEVELOPMENT_TEAM = F97789F2PG;
				GENERATE_INFOPLIST_FILE = YES;
				INFOPLIST_FILE = Autotune2/Info.plist;
				INFOPLIST_KEY_NSHealthShareUsageDescription = "Use insulin, glucose and activity data to predict future insulin demands";
				INFOPLIST_KEY_NSHealthUpdateUsageDescription = "Write labelled activites to healthkit";
				INFOPLIST_KEY_UIApplicationSupportsIndirectInputEvents = YES;
				INFOPLIST_KEY_UILaunchStoryboardName = LaunchScreen;
				INFOPLIST_KEY_UIMainStoryboardFile = Main;
				INFOPLIST_KEY_UISupportedInterfaceOrientations_iPad = "UIInterfaceOrientationPortrait UIInterfaceOrientationPortraitUpsideDown UIInterfaceOrientationLandscapeLeft UIInterfaceOrientationLandscapeRight";
				INFOPLIST_KEY_UISupportedInterfaceOrientations_iPhone = "UIInterfaceOrientationPortrait UIInterfaceOrientationLandscapeLeft UIInterfaceOrientationLandscapeRight";
				LD_RUNPATH_SEARCH_PATHS = (
					"$(inherited)",
					"@executable_path/Frameworks",
				);
				MARKETING_VERSION = 1.0;
				PRODUCT_BUNDLE_IDENTIFIER = com.miriamkw.Autotune2;
				PRODUCT_NAME = "$(TARGET_NAME)";
				SWIFT_EMIT_LOC_STRINGS = YES;
				SWIFT_VERSION = 5.0;
				TARGETED_DEVICE_FAMILY = "1,2";
			};
			name = Release;
		};
/* End XCBuildConfiguration section */

/* Begin XCConfigurationList section */
		E790ED4E28C73BA40008C31B /* Build configuration list for PBXProject "Autotune2" */ = {
			isa = XCConfigurationList;
			buildConfigurations = (
				E790ED6528C73BA50008C31B /* Debug */,
				E790ED6628C73BA50008C31B /* Release */,
			);
			defaultConfigurationIsVisible = 0;
			defaultConfigurationName = Release;
		};
		E790ED6728C73BA50008C31B /* Build configuration list for PBXNativeTarget "Autotune2" */ = {
			isa = XCConfigurationList;
			buildConfigurations = (
				E790ED6828C73BA50008C31B /* Debug */,
				E790ED6928C73BA50008C31B /* Release */,
			);
			defaultConfigurationIsVisible = 0;
			defaultConfigurationName = Release;
		};
/* End XCConfigurationList section */
	};
	rootObject = E790ED4B28C73BA40008C31B /* Project object */;
}
